PODS:
  - boost (1.76.0)
  - DoubleConversion (1.1.6)
  - FBLazyVector (0.72.17)
  - FBReactNativeSpec (0.72.17):
    - RCT-Folly (= 2021.07.22.00)
    - RCTRequired (= 0.72.17)
    - RCTTypeSafety (= 0.72.17)
    - React-Core (= 0.72.17)
    - React-jsi (= 0.72.17)
    - ReactCommon/turbomodule/core (= 0.72.17)
  - fmt (6.2.1)
  - glog (0.3.5)
  - hermes-engine (0.72.17):
    - hermes-engine/Pre-built (= 0.72.17)
  - hermes-engine/Pre-built (0.72.17)
  - HMSegmentedControl (1.5.6)
  - libevent (2.1.12)
  - libwebp (1.5.0):
    - libwebp/demux (= 1.5.0)
    - libwebp/mux (= 1.5.0)
    - libwebp/sharpyuv (= 1.5.0)
    - libwebp/webp (= 1.5.0)
  - libwebp/demux (1.5.0):
    - libwebp/webp
  - libwebp/mux (1.5.0):
    - libwebp/demux
  - libwebp/sharpyuv (1.5.0)
  - libwebp/webp (1.5.0):
    - libwebp/sharpyuv
  - MMKV (2.0.2):
    - MMKVCore (~> 2.0.2)
  - MMKVCore (2.0.2)
  - OpenSSL-Universal (3.3.3001)
  - PromisesObjC (2.4.0)
  - PromisesSwift (2.4.0):
    - PromisesObjC (= 2.4.0)
  - RCT-Folly (2021.07.22.00):
    - boost
    - DoubleConversion
    - fmt (~> 6.2.1)
    - glog
    - RCT-Folly/Default (= 2021.07.22.00)
  - RCT-Folly/Default (2021.07.22.00):
    - boost
    - DoubleConversion
    - fmt (~> 6.2.1)
    - glog
  - RCT-Folly/Futures (2021.07.22.00):
    - boost
    - DoubleConversion
    - fmt (~> 6.2.1)
    - glog
    - libevent
  - RCTRequired (0.72.17)
  - RCTSystemSetting (1.7.6):
    - React
  - RCTTypeSafety (0.72.17):
    - FBLazyVector (= 0.72.17)
    - RCTRequired (= 0.72.17)
    - React-Core (= 0.72.17)
  - React (0.72.17):
    - React-Core (= 0.72.17)
    - React-Core/DevSupport (= 0.72.17)
    - React-Core/RCTWebSocket (= 0.72.17)
    - React-RCTActionSheet (= 0.72.17)
    - React-RCTAnimation (= 0.72.17)
    - React-RCTBlob (= 0.72.17)
    - React-RCTImage (= 0.72.17)
    - React-RCTLinking (= 0.72.17)
    - React-RCTNetwork (= 0.72.17)
    - React-RCTSettings (= 0.72.17)
    - React-RCTText (= 0.72.17)
    - React-RCTVibration (= 0.72.17)
  - React-callinvoker (0.72.17)
  - React-Codegen (0.72.17):
    - DoubleConversion
    - FBReactNativeSpec
    - glog
    - hermes-engine
    - RCT-Folly
    - RCTRequired
    - RCTTypeSafety
    - React-Core
    - React-jsi
    - React-jsiexecutor
    - React-NativeModulesApple
    - React-rncore
    - ReactCommon/turbomodule/bridging
    - ReactCommon/turbomodule/core
  - React-Core (0.72.17):
    - glog
    - hermes-engine
    - RCT-Folly (= 2021.07.22.00)
    - React-Core/Default (= 0.72.17)
    - React-cxxreact
    - React-hermes
    - React-jsi
    - React-jsiexecutor
    - React-perflogger
    - React-runtimeexecutor
    - React-utils
    - SocketRocket (= 0.6.1)
    - Yoga
  - React-Core/CoreModulesHeaders (0.72.17):
    - glog
    - hermes-engine
    - RCT-Folly (= 2021.07.22.00)
    - React-Core/Default
    - React-cxxreact
    - React-hermes
    - React-jsi
    - React-jsiexecutor
    - React-perflogger
    - React-runtimeexecutor
    - React-utils
    - SocketRocket (= 0.6.1)
    - Yoga
  - React-Core/Default (0.72.17):
    - glog
    - hermes-engine
    - RCT-Folly (= 2021.07.22.00)
    - React-cxxreact
    - React-hermes
    - React-jsi
    - React-jsiexecutor
    - React-perflogger
    - React-runtimeexecutor
    - React-utils
    - SocketRocket (= 0.6.1)
    - Yoga
  - React-Core/DevSupport (0.72.17):
    - glog
    - hermes-engine
    - RCT-Folly (= 2021.07.22.00)
    - React-Core/Default (= 0.72.17)
    - React-Core/RCTWebSocket (= 0.72.17)
    - React-cxxreact
    - React-hermes
    - React-jsi
    - React-jsiexecutor
    - React-jsinspector (= 0.72.17)
    - React-perflogger
    - React-runtimeexecutor
    - React-utils
    - SocketRocket (= 0.6.1)
    - Yoga
  - React-Core/RCTActionSheetHeaders (0.72.17):
    - glog
    - hermes-engine
    - RCT-Folly (= 2021.07.22.00)
    - React-Core/Default
    - React-cxxreact
    - React-hermes
    - React-jsi
    - React-jsiexecutor
    - React-perflogger
    - React-runtimeexecutor
    - React-utils
    - SocketRocket (= 0.6.1)
    - Yoga
  - React-Core/RCTAnimationHeaders (0.72.17):
    - glog
    - hermes-engine
    - RCT-Folly (= 2021.07.22.00)
    - React-Core/Default
    - React-cxxreact
    - React-hermes
    - React-jsi
    - React-jsiexecutor
    - React-perflogger
    - React-runtimeexecutor
    - React-utils
    - SocketRocket (= 0.6.1)
    - Yoga
  - React-Core/RCTBlobHeaders (0.72.17):
    - glog
    - hermes-engine
    - RCT-Folly (= 2021.07.22.00)
    - React-Core/Default
    - React-cxxreact
    - React-hermes
    - React-jsi
    - React-jsiexecutor
    - React-perflogger
    - React-runtimeexecutor
    - React-utils
    - SocketRocket (= 0.6.1)
    - Yoga
  - React-Core/RCTImageHeaders (0.72.17):
    - glog
    - hermes-engine
    - RCT-Folly (= 2021.07.22.00)
    - React-Core/Default
    - React-cxxreact
    - React-hermes
    - React-jsi
    - React-jsiexecutor
    - React-perflogger
    - React-runtimeexecutor
    - React-utils
    - SocketRocket (= 0.6.1)
    - Yoga
  - React-Core/RCTLinkingHeaders (0.72.17):
    - glog
    - hermes-engine
    - RCT-Folly (= 2021.07.22.00)
    - React-Core/Default
    - React-cxxreact
    - React-hermes
    - React-jsi
    - React-jsiexecutor
    - React-perflogger
    - React-runtimeexecutor
    - React-utils
    - SocketRocket (= 0.6.1)
    - Yoga
  - React-Core/RCTNetworkHeaders (0.72.17):
    - glog
    - hermes-engine
    - RCT-Folly (= 2021.07.22.00)
    - React-Core/Default
    - React-cxxreact
    - React-hermes
    - React-jsi
    - React-jsiexecutor
    - React-perflogger
    - React-runtimeexecutor
    - React-utils
    - SocketRocket (= 0.6.1)
    - Yoga
  - React-Core/RCTSettingsHeaders (0.72.17):
    - glog
    - hermes-engine
    - RCT-Folly (= 2021.07.22.00)
    - React-Core/Default
    - React-cxxreact
    - React-hermes
    - React-jsi
    - React-jsiexecutor
    - React-perflogger
    - React-runtimeexecutor
    - React-utils
    - SocketRocket (= 0.6.1)
    - Yoga
  - React-Core/RCTTextHeaders (0.72.17):
    - glog
    - hermes-engine
    - RCT-Folly (= 2021.07.22.00)
    - React-Core/Default
    - React-cxxreact
    - React-hermes
    - React-jsi
    - React-jsiexecutor
    - React-perflogger
    - React-runtimeexecutor
    - React-utils
    - SocketRocket (= 0.6.1)
    - Yoga
  - React-Core/RCTVibrationHeaders (0.72.17):
    - glog
    - hermes-engine
    - RCT-Folly (= 2021.07.22.00)
    - React-Core/Default
    - React-cxxreact
    - React-hermes
    - React-jsi
    - React-jsiexecutor
    - React-perflogger
    - React-runtimeexecutor
    - React-utils
    - SocketRocket (= 0.6.1)
    - Yoga
  - React-Core/RCTWebSocket (0.72.17):
    - glog
    - hermes-engine
    - RCT-Folly (= 2021.07.22.00)
    - React-Core/Default (= 0.72.17)
    - React-cxxreact
    - React-hermes
    - React-jsi
    - React-jsiexecutor
    - React-perflogger
    - React-runtimeexecutor
    - React-utils
    - SocketRocket (= 0.6.1)
    - Yoga
  - React-CoreModules (0.72.17):
    - RCT-Folly (= 2021.07.22.00)
    - RCTTypeSafety (= 0.72.17)
    - React-Codegen (= 0.72.17)
    - React-Core/CoreModulesHeaders (= 0.72.17)
    - React-jsi (= 0.72.17)
    - React-RCTBlob
    - React-RCTImage (= 0.72.17)
    - ReactCommon/turbomodule/core (= 0.72.17)
    - SocketRocket (= 0.6.1)
  - React-cxxreact (0.72.17):
    - boost (= 1.76.0)
    - DoubleConversion
    - glog
    - hermes-engine
    - RCT-Folly (= 2021.07.22.00)
    - React-callinvoker (= 0.72.17)
    - React-debug (= 0.72.17)
    - React-jsi (= 0.72.17)
    - React-jsinspector (= 0.72.17)
    - React-logger (= 0.72.17)
    - React-perflogger (= 0.72.17)
    - React-runtimeexecutor (= 0.72.17)
  - React-debug (0.72.17)
  - React-hermes (0.72.17):
    - DoubleConversion
    - glog
    - hermes-engine
    - RCT-Folly (= 2021.07.22.00)
    - RCT-Folly/Futures (= 2021.07.22.00)
    - React-cxxreact (= 0.72.17)
    - React-jsi
    - React-jsiexecutor (= 0.72.17)
    - React-jsinspector (= 0.72.17)
    - React-perflogger (= 0.72.17)
  - React-jsi (0.72.17):
    - boost (= 1.76.0)
    - DoubleConversion
    - glog
    - hermes-engine
    - RCT-Folly (= 2021.07.22.00)
  - React-jsiexecutor (0.72.17):
    - DoubleConversion
    - glog
    - hermes-engine
    - RCT-Folly (= 2021.07.22.00)
    - React-cxxreact (= 0.72.17)
    - React-jsi (= 0.72.17)
    - React-perflogger (= 0.72.17)
  - React-jsinspector (0.72.17)
  - React-logger (0.72.17):
    - glog
  - react-native-airplay-button (1.1.0):
    - React-Core
  - react-native-config (1.5.5):
    - react-native-config/App (= 1.5.5)
  - react-native-config/App (1.5.5):
    - React-Core
  - react-native-mmkv (2.12.2):
    - MMKV (>= 1.3.3)
    - RCT-Folly (= 2021.07.22.00)
    - React-Core
  - react-native-netinfo (11.4.1):
    - React-Core
  - react-native-orientation-locker (1.7.0):
    - React-Core
  - react-native-quick-crypto (0.7.13):
    - OpenSSL-Universal
    - RCT-Folly (= 2021.07.22.00)
    - React
    - React-Core
  - react-native-safe-area-context (5.4.0):
    - React-Core
  - react-native-slider (4.5.6):
    - RCT-Folly (= 2021.07.22.00)
    - React-Core
  - react-native-video (6.0.0-beta.7):
    - React-Core
    - react-native-video/Video (= 6.0.0-beta.7)
  - react-native-video/Video (6.0.0-beta.7):
    - PromisesSwift
    - React-Core
  - react-native-webview (13.13.5):
    - RCT-Folly (= 2021.07.22.00)
    - React-Core
  - React-NativeModulesApple (0.72.17):
    - hermes-engine
    - React-callinvoker
    - React-Core
    - React-cxxreact
    - React-jsi
    - React-runtimeexecutor
    - ReactCommon/turbomodule/bridging
    - ReactCommon/turbomodule/core
  - React-perflogger (0.72.17)
  - React-RCTActionSheet (0.72.17):
    - React-Core/RCTActionSheetHeaders (= 0.72.17)
  - React-RCTAnimation (0.72.17):
    - RCT-Folly (= 2021.07.22.00)
    - RCTTypeSafety (= 0.72.17)
    - React-Codegen (= 0.72.17)
    - React-Core/RCTAnimationHeaders (= 0.72.17)
    - React-jsi (= 0.72.17)
    - ReactCommon/turbomodule/core (= 0.72.17)
  - React-RCTAppDelegate (0.72.17):
    - RCT-Folly
    - RCTRequired
    - RCTTypeSafety
    - React-Core
    - React-CoreModules
    - React-hermes
    - React-NativeModulesApple
    - React-RCTImage
    - React-RCTNetwork
    - React-runtimescheduler
    - ReactCommon/turbomodule/core
  - React-RCTBlob (0.72.17):
    - hermes-engine
    - RCT-Folly (= 2021.07.22.00)
    - React-Codegen (= 0.72.17)
    - React-Core/RCTBlobHeaders (= 0.72.17)
    - React-Core/RCTWebSocket (= 0.72.17)
    - React-jsi (= 0.72.17)
    - React-RCTNetwork (= 0.72.17)
    - ReactCommon/turbomodule/core (= 0.72.17)
  - React-RCTImage (0.72.17):
    - RCT-Folly (= 2021.07.22.00)
    - RCTTypeSafety (= 0.72.17)
    - React-Codegen (= 0.72.17)
    - React-Core/RCTImageHeaders (= 0.72.17)
    - React-jsi (= 0.72.17)
    - React-RCTNetwork (= 0.72.17)
    - ReactCommon/turbomodule/core (= 0.72.17)
  - React-RCTLinking (0.72.17):
    - React-Codegen (= 0.72.17)
    - React-Core/RCTLinkingHeaders (= 0.72.17)
    - React-jsi (= 0.72.17)
    - ReactCommon/turbomodule/core (= 0.72.17)
  - React-RCTNetwork (0.72.17):
    - RCT-Folly (= 2021.07.22.00)
    - RCTTypeSafety (= 0.72.17)
    - React-Codegen (= 0.72.17)
    - React-Core/RCTNetworkHeaders (= 0.72.17)
    - React-jsi (= 0.72.17)
    - ReactCommon/turbomodule/core (= 0.72.17)
  - React-RCTSettings (0.72.17):
    - RCT-Folly (= 2021.07.22.00)
    - RCTTypeSafety (= 0.72.17)
    - React-Codegen (= 0.72.17)
    - React-Core/RCTSettingsHeaders (= 0.72.17)
    - React-jsi (= 0.72.17)
    - ReactCommon/turbomodule/core (= 0.72.17)
  - React-RCTText (0.72.17):
    - React-Core/RCTTextHeaders (= 0.72.17)
  - React-RCTVibration (0.72.17):
    - RCT-Folly (= 2021.07.22.00)
    - React-Codegen (= 0.72.17)
    - React-Core/RCTVibrationHeaders (= 0.72.17)
    - React-jsi (= 0.72.17)
    - ReactCommon/turbomodule/core (= 0.72.17)
  - React-rncore (0.72.17)
  - React-runtimeexecutor (0.72.17):
    - React-jsi (= 0.72.17)
  - React-runtimescheduler (0.72.17):
    - glog
    - hermes-engine
    - RCT-Folly (= 2021.07.22.00)
    - React-callinvoker
    - React-debug
    - React-jsi
    - React-runtimeexecutor
  - React-utils (0.72.17):
    - glog
    - RCT-Folly (= 2021.07.22.00)
    - React-debug
  - ReactCommon/turbomodule/bridging (0.72.17):
    - DoubleConversion
    - glog
    - hermes-engine
    - RCT-Folly (= 2021.07.22.00)
    - React-callinvoker (= 0.72.17)
    - React-cxxreact (= 0.72.17)
    - React-jsi (= 0.72.17)
    - React-logger (= 0.72.17)
    - React-perflogger (= 0.72.17)
  - ReactCommon/turbomodule/core (0.72.17):
    - DoubleConversion
    - glog
    - hermes-engine
    - RCT-Folly (= 2021.07.22.00)
    - React-callinvoker (= 0.72.17)
    - React-cxxreact (= 0.72.17)
    - React-jsi (= 0.72.17)
    - React-logger (= 0.72.17)
    - React-perflogger (= 0.72.17)
  - ReactNativeNavigation (7.47.0):
    - HMSegmentedControl
    - React-Core
    - React-CoreModules
    - React-RCTImage
    - React-RCTText
    - ReactNativeNavigation/Core (= 7.47.0)
  - ReactNativeNavigation/Core (7.47.0):
    - HMSegmentedControl
    - React-Core
    - React-CoreModules
    - React-RCTImage
    - React-RCTText
  - rn-fetch-blob (0.12.0):
    - React-Core
  - RNCAsyncStorage (2.1.2):
    - React-Core
  - RNCClipboard (1.16.2):
    - React-Core
  - RNDeviceInfo (14.0.4):
    - React-Core
  - RNExitApp (2.0.0):
    - React-Core
  - RNFastImage (8.6.3):
    - React-Core
    - SDWebImage (~> 5.11.1)
    - SDWebImageWebPCoder (~> 0.8.4)
  - RNGestureHandler (2.25.0):
    - RCT-Folly (= 2021.07.22.00)
    - React-Core
  - RNKeychain (10.0.0):
    - RCT-Folly (= 2021.07.22.00)
    - React-Core
  - RNLocalize (3.4.1):
    - React-Core
  - RNReactNativeHapticFeedback (2.3.3):
    - RCT-Folly (= 2021.07.22.00)
    - React-Core
  - RNReanimated (3.16.7):
    - RCT-Folly (= 2021.07.22.00)
    - React-Core
    - ReactCommon/turbomodule/core
    - RNReanimated/reanimated (= 3.16.7)
    - RNReanimated/worklets (= 3.16.7)
  - RNReanimated/reanimated (3.16.7):
    - RCT-Folly (= 2021.07.22.00)
    - React-Core
    - ReactCommon/turbomodule/core
    - RNReanimated/reanimated/apple (= 3.16.7)
  - RNReanimated/reanimated/apple (3.16.7):
    - RCT-Folly (= 2021.07.22.00)
    - React-Core
    - ReactCommon/turbomodule/core
  - RNReanimated/worklets (3.16.7):
    - RCT-Folly (= 2021.07.22.00)
    - React-Core
    - ReactCommon/turbomodule/core
  - RNSentry (6.13.0):
    - hermes-engine
    - RCT-Folly (= 2021.07.22.00)
    - React-Core
    - React-hermes
    - Sentry/HybridSDK (= 8.49.2)
  - RNShare (9.4.1):
    - React-Core
  - RNStaticSafeAreaInsets (2.2.0):
    - React-Core
  - RNSVG (15.11.2):
    - React-Core
  - RNVectorIcons (10.2.0):
    - RCT-Folly (= 2021.07.22.00)
    - React-Core
  - SDWebImage (5.11.1):
    - SDWebImage/Core (= 5.11.1)
  - SDWebImage/Core (5.11.1)
  - SDWebImageWebPCoder (0.8.5):
    - libwebp (~> 1.0)
    - SDWebImage/Core (~> 5.10)
  - Sentry/HybridSDK (8.49.2)
  - SocketRocket (0.6.1)
  - Yoga (1.14.0)

DEPENDENCIES:
  - boost (from `../node_modules/react-native/third-party-podspecs/boost.podspec`)
  - DoubleConversion (from `../node_modules/react-native/third-party-podspecs/DoubleConversion.podspec`)
  - FBLazyVector (from `../node_modules/react-native/Libraries/FBLazyVector`)
  - FBReactNativeSpec (from `../node_modules/react-native/React/FBReactNativeSpec`)
  - glog (from `../node_modules/react-native/third-party-podspecs/glog.podspec`)
  - hermes-engine (from `../node_modules/react-native/sdks/hermes-engine/hermes-engine.podspec`)
  - libevent (~> 2.1.12)
  - RCT-Folly (from `../node_modules/react-native/third-party-podspecs/RCT-Folly.podspec`)
  - RCTRequired (from `../node_modules/react-native/Libraries/RCTRequired`)
  - RCTSystemSetting (from `../node_modules/react-native-system-setting`)
  - RCTTypeSafety (from `../node_modules/react-native/Libraries/TypeSafety`)
  - React (from `../node_modules/react-native/`)
  - React-callinvoker (from `../node_modules/react-native/ReactCommon/callinvoker`)
  - React-Codegen (from `build/generated/ios`)
  - React-Core (from `../node_modules/react-native/`)
  - React-Core/RCTWebSocket (from `../node_modules/react-native/`)
  - React-CoreModules (from `../node_modules/react-native/React/CoreModules`)
  - React-cxxreact (from `../node_modules/react-native/ReactCommon/cxxreact`)
  - React-debug (from `../node_modules/react-native/ReactCommon/react/debug`)
  - React-hermes (from `../node_modules/react-native/ReactCommon/hermes`)
  - React-jsi (from `../node_modules/react-native/ReactCommon/jsi`)
  - React-jsiexecutor (from `../node_modules/react-native/ReactCommon/jsiexecutor`)
  - React-jsinspector (from `../node_modules/react-native/ReactCommon/jsinspector`)
  - React-logger (from `../node_modules/react-native/ReactCommon/logger`)
  - react-native-airplay-button (from `../node_modules/react-native-airplay-button`)
  - react-native-config (from `../node_modules/react-native-config`)
  - react-native-mmkv (from `../node_modules/react-native-mmkv`)
  - "react-native-netinfo (from `../node_modules/@react-native-community/netinfo`)"
  - react-native-orientation-locker (from `../node_modules/react-native-orientation-locker`)
  - react-native-quick-crypto (from `../node_modules/react-native-quick-crypto`)
  - react-native-safe-area-context (from `../node_modules/react-native-safe-area-context`)
  - "react-native-slider (from `../node_modules/@react-native-community/slider`)"
  - react-native-video (from `../node_modules/react-native-video`)
  - react-native-webview (from `../node_modules/react-native-webview`)
  - React-NativeModulesApple (from `../node_modules/react-native/ReactCommon/react/nativemodule/core/platform/ios`)
  - React-perflogger (from `../node_modules/react-native/ReactCommon/reactperflogger`)
  - React-RCTActionSheet (from `../node_modules/react-native/Libraries/ActionSheetIOS`)
  - React-RCTAnimation (from `../node_modules/react-native/Libraries/NativeAnimation`)
  - React-RCTAppDelegate (from `../node_modules/react-native/Libraries/AppDelegate`)
  - React-RCTBlob (from `../node_modules/react-native/Libraries/Blob`)
  - React-RCTImage (from `../node_modules/react-native/Libraries/Image`)
  - React-RCTLinking (from `../node_modules/react-native/Libraries/LinkingIOS`)
  - React-RCTNetwork (from `../node_modules/react-native/Libraries/Network`)
  - React-RCTSettings (from `../node_modules/react-native/Libraries/Settings`)
  - React-RCTText (from `../node_modules/react-native/Libraries/Text`)
  - React-RCTVibration (from `../node_modules/react-native/Libraries/Vibration`)
  - React-rncore (from `../node_modules/react-native/ReactCommon`)
  - React-runtimeexecutor (from `../node_modules/react-native/ReactCommon/runtimeexecutor`)
  - React-runtimescheduler (from `../node_modules/react-native/ReactCommon/react/renderer/runtimescheduler`)
  - React-utils (from `../node_modules/react-native/ReactCommon/react/utils`)
  - ReactCommon/turbomodule/core (from `../node_modules/react-native/ReactCommon`)
  - ReactNativeNavigation (from `../node_modules/react-native-navigation`)
  - rn-fetch-blob (from `../node_modules/rn-fetch-blob`)
  - "RNCAsyncStorage (from `../node_modules/@react-native-async-storage/async-storage`)"
  - "RNCClipboard (from `../node_modules/@react-native-clipboard/clipboard`)"
  - RNDeviceInfo (from `../node_modules/react-native-device-info`)
  - RNExitApp (from `../node_modules/react-native-exit-app`)
  - RNFastImage (from `../node_modules/react-native-fast-image`)
  - RNGestureHandler (from `../node_modules/react-native-gesture-handler`)
  - RNKeychain (from `../node_modules/react-native-keychain`)
  - RNLocalize (from `../node_modules/react-native-localize`)
  - RNReactNativeHapticFeedback (from `../node_modules/react-native-haptic-feedback`)
  - RNReanimated (from `../node_modules/react-native-reanimated`)
  - "RNSentry (from `../node_modules/@sentry/react-native`)"
  - RNShare (from `../node_modules/react-native-share`)
  - RNStaticSafeAreaInsets (from `../node_modules/react-native-static-safe-area-insets`)
  - RNSVG (from `../node_modules/react-native-svg`)
  - RNVectorIcons (from `../node_modules/react-native-vector-icons`)
  - Yoga (from `../node_modules/react-native/ReactCommon/yoga`)

SPEC REPOS:
  trunk:
    - fmt
    - HMSegmentedControl
    - libevent
    - libwebp
    - MMKV
    - MMKVCore
    - OpenSSL-Universal
    - PromisesObjC
    - PromisesSwift
    - SDWebImage
    - SDWebImageWebPCoder
    - Sentry
    - SocketRocket

EXTERNAL SOURCES:
  boost:
    :podspec: "../node_modules/react-native/third-party-podspecs/boost.podspec"
  DoubleConversion:
    :podspec: "../node_modules/react-native/third-party-podspecs/DoubleConversion.podspec"
  FBLazyVector:
    :path: "../node_modules/react-native/Libraries/FBLazyVector"
  FBReactNativeSpec:
    :path: "../node_modules/react-native/React/FBReactNativeSpec"
  glog:
    :podspec: "../node_modules/react-native/third-party-podspecs/glog.podspec"
  hermes-engine:
    :podspec: "../node_modules/react-native/sdks/hermes-engine/hermes-engine.podspec"
  RCT-Folly:
    :podspec: "../node_modules/react-native/third-party-podspecs/RCT-Folly.podspec"
  RCTRequired:
    :path: "../node_modules/react-native/Libraries/RCTRequired"
  RCTSystemSetting:
    :path: "../node_modules/react-native-system-setting"
  RCTTypeSafety:
    :path: "../node_modules/react-native/Libraries/TypeSafety"
  React:
    :path: "../node_modules/react-native/"
  React-callinvoker:
    :path: "../node_modules/react-native/ReactCommon/callinvoker"
  React-Codegen:
    :path: build/generated/ios
  React-Core:
    :path: "../node_modules/react-native/"
  React-CoreModules:
    :path: "../node_modules/react-native/React/CoreModules"
  React-cxxreact:
    :path: "../node_modules/react-native/ReactCommon/cxxreact"
  React-debug:
    :path: "../node_modules/react-native/ReactCommon/react/debug"
  React-hermes:
    :path: "../node_modules/react-native/ReactCommon/hermes"
  React-jsi:
    :path: "../node_modules/react-native/ReactCommon/jsi"
  React-jsiexecutor:
    :path: "../node_modules/react-native/ReactCommon/jsiexecutor"
  React-jsinspector:
    :path: "../node_modules/react-native/ReactCommon/jsinspector"
  React-logger:
    :path: "../node_modules/react-native/ReactCommon/logger"
  react-native-airplay-button:
    :path: "../node_modules/react-native-airplay-button"
  react-native-config:
    :path: "../node_modules/react-native-config"
  react-native-mmkv:
    :path: "../node_modules/react-native-mmkv"
  react-native-netinfo:
    :path: "../node_modules/@react-native-community/netinfo"
  react-native-orientation-locker:
    :path: "../node_modules/react-native-orientation-locker"
  react-native-quick-crypto:
    :path: "../node_modules/react-native-quick-crypto"
  react-native-safe-area-context:
    :path: "../node_modules/react-native-safe-area-context"
  react-native-slider:
    :path: "../node_modules/@react-native-community/slider"
  react-native-video:
    :path: "../node_modules/react-native-video"
  react-native-webview:
    :path: "../node_modules/react-native-webview"
  React-NativeModulesApple:
    :path: "../node_modules/react-native/ReactCommon/react/nativemodule/core/platform/ios"
  React-perflogger:
    :path: "../node_modules/react-native/ReactCommon/reactperflogger"
  React-RCTActionSheet:
    :path: "../node_modules/react-native/Libraries/ActionSheetIOS"
  React-RCTAnimation:
    :path: "../node_modules/react-native/Libraries/NativeAnimation"
  React-RCTAppDelegate:
    :path: "../node_modules/react-native/Libraries/AppDelegate"
  React-RCTBlob:
    :path: "../node_modules/react-native/Libraries/Blob"
  React-RCTImage:
    :path: "../node_modules/react-native/Libraries/Image"
  React-RCTLinking:
    :path: "../node_modules/react-native/Libraries/LinkingIOS"
  React-RCTNetwork:
    :path: "../node_modules/react-native/Libraries/Network"
  React-RCTSettings:
    :path: "../node_modules/react-native/Libraries/Settings"
  React-RCTText:
    :path: "../node_modules/react-native/Libraries/Text"
  React-RCTVibration:
    :path: "../node_modules/react-native/Libraries/Vibration"
  React-rncore:
    :path: "../node_modules/react-native/ReactCommon"
  React-runtimeexecutor:
    :path: "../node_modules/react-native/ReactCommon/runtimeexecutor"
  React-runtimescheduler:
    :path: "../node_modules/react-native/ReactCommon/react/renderer/runtimescheduler"
  React-utils:
    :path: "../node_modules/react-native/ReactCommon/react/utils"
  ReactCommon:
    :path: "../node_modules/react-native/ReactCommon"
  ReactNativeNavigation:
    :path: "../node_modules/react-native-navigation"
  rn-fetch-blob:
    :path: "../node_modules/rn-fetch-blob"
  RNCAsyncStorage:
    :path: "../node_modules/@react-native-async-storage/async-storage"
  RNCClipboard:
    :path: "../node_modules/@react-native-clipboard/clipboard"
  RNDeviceInfo:
    :path: "../node_modules/react-native-device-info"
  RNExitApp:
    :path: "../node_modules/react-native-exit-app"
  RNFastImage:
    :path: "../node_modules/react-native-fast-image"
  RNGestureHandler:
    :path: "../node_modules/react-native-gesture-handler"
  RNKeychain:
    :path: "../node_modules/react-native-keychain"
  RNLocalize:
    :path: "../node_modules/react-native-localize"
  RNReactNativeHapticFeedback:
    :path: "../node_modules/react-native-haptic-feedback"
  RNReanimated:
    :path: "../node_modules/react-native-reanimated"
  RNSentry:
    :path: "../node_modules/@sentry/react-native"
  RNShare:
    :path: "../node_modules/react-native-share"
  RNStaticSafeAreaInsets:
    :path: "../node_modules/react-native-static-safe-area-insets"
  RNSVG:
    :path: "../node_modules/react-native-svg"
  RNVectorIcons:
    :path: "../node_modules/react-native-vector-icons"
  Yoga:
    :path: "../node_modules/react-native/ReactCommon/yoga"

SPEC CHECKSUMS:
  boost: 7dcd2de282d72e344012f7d6564d024930a6a440
  DoubleConversion: 5189b271737e1565bdce30deb4a08d647e3f5f54
  FBLazyVector: 66398fc2381d8fa1eee4c0f80d931587a7b927e8
  FBReactNativeSpec: 0f8cecf999d709dba7626bbf565b1b5f8f46a5c1
  fmt: ff9d55029c625d3757ed641535fd4a75fedc7ce9
  glog: 04b94705f318337d7ead9e6d17c019bd9b1f6b1b
  hermes-engine: 982096772bd947125ee3b4f72ace6cb9a33f1d02
  HMSegmentedControl: 34c1f54d822d8308e7b24f5d901ec674dfa31352
  libevent: 4049cae6c81cdb3654a443be001fb9bdceff7913
  libwebp: 02b23773aedb6ff1fd38cec7a77b81414c6842a8
  MMKV: 3eacda84cd1c4fc95cf848d3ecb69d85ed56006c
  MMKVCore: 508b4d3a8ce031f1b5c8bd235f0517fb3f4c73a9
  OpenSSL-Universal: 6082b0bf950e5636fe0d78def171184e2b3899c2
  PromisesObjC: f5707f49cb48b9636751c5b2e7d227e43fba9f47
  PromisesSwift: 9d77319bbe72ebf6d872900551f7eeba9bce2851
  RCT-Folly: 424b8c9a7a0b9ab2886ffe9c3b041ef628fd4fb1
  RCTRequired: 01c639ec840ee03928b2d65f5cd5297d737b3834
  RCTSystemSetting: 5107b7350d63b3f7b42a1277d07e4e5d9df879be
  RCTTypeSafety: 9623592521a1576363baf3d6ab8d164cfe9062bf
  React: 3c0beeda318c3c515a6bb2c1f197b55bd731aa43
  React-callinvoker: 0cd6ff2cdd80255c82cd4628fc925df1e7133a1a
  React-Codegen: 4b9fd690baa0098aa9759fdccc1467409171216e
  React-Core: 8946edeb9272e1a5a52559c5793e6ea0e9e77fec
  React-CoreModules: f37b2cb94073a720511fe54f821762fb1015f30c
  React-cxxreact: dec3959d439708cb7dd73b46a11ed64c3eea79da
  React-debug: fc03bbe567421af7f7837bdff93ad9d5b7c0ab9d
  React-hermes: f3b6b278c4ff7e6664a86b2bf964a4dc4ae72d34
  React-jsi: 6ec4bd4cd929ae9d468b4984b0ae2c657aeeb2da
  React-jsiexecutor: 8dc585381e476c3ff2e9468f444c90c4d1d5b874
  React-jsinspector: 853b8631b908636bb09ef77cb217376c38a0c8ff
  React-logger: 9ca44bb5703bf2355f3c2d2e5e67bfe98ca2dc34
  react-native-airplay-button: 90c7ba52402c8e92342003b8a1ff78dfb4357a9e
  react-native-config: 3367df9c1f25bb96197007ec531c7087ed4554c3
  react-native-mmkv: b32f1737fe11d8df1a76a45eaa6e779d97fe3cbc
  react-native-netinfo: f0a9899081c185db1de5bb2fdc1c88c202a059ac
  react-native-orientation-locker: 5819fd23ca89cbac0d736fb4314745f62716d517
  react-native-quick-crypto: 009bd518231c68ec42d91e4fbd73efe5bbcbde53
  react-native-safe-area-context: 8870dc3e45c8d241336cd8ee3fa3fc76f3a040ac
  react-native-slider: 11c3710f5f75d3fd8858994307e7cf7353531556
  react-native-video: 6370f49e86bfd1874b77979e7b369cdf2359b4fd
  react-native-webview: 81c83dd8ad6f3bf0ecde102b3e84cd4844d759d9
  React-NativeModulesApple: 9baff5b154326151add253f2c5bcb93d20c33742
  React-perflogger: 785b0063af5178298a61b54bb46aae9a19c7bbb5
  React-RCTActionSheet: 84f37b34bd77249263ace75471d6664393c29972
  React-RCTAnimation: cbd40a6bb62866d0f90b318a02ead456ec3ad523
  React-RCTAppDelegate: aed41a87c92f8c889f54b11c607837c8dafd7bf9
  React-RCTBlob: 389c7294855130b1cbb3efa3fdc7c0f8b7e33ca8
  React-RCTImage: b02b19272c05c01a1ab94a45c2ff11ede8726a8a
  React-RCTLinking: a64fcab6d9aa8c67e7771299dc6a726f8c0169b6
  React-RCTNetwork: 4650fca7376b98ed393626fb7c0fadc8c83b31fc
  React-RCTSettings: 6853d5f84a7a1c7e8ccc7991ef62edab607822aa
  React-RCTText: 7becec5f53f03b20da11f4b7e40e6bcfd476d134
  React-RCTVibration: e6c1b4ececa24ab574cfc628e2e8239c778eb4f1
  React-rncore: 0755299e60a7a6bb57cbe1836b38af09fad00759
  React-runtimeexecutor: 448409b5ae5a01b7793239f630051960c7dd39f9
  React-runtimescheduler: 975d835104d13603d49e15a6096c8a46ec92b4d4
  React-utils: 8929de4af0803247c15f8f38ec8ae5623b46f4d2
  ReactCommon: 7200e4235574a3c304acbd9eeac17f5f45dfd9db
  ReactNativeNavigation: 7049be27949f411c04f26039612a9b2f016b90d1
  rn-fetch-blob: f065bb7ab7fb48dd002629f8bdcb0336602d3cba
  RNCAsyncStorage: addfc2cb6511dbe199c56c6b26ede383b6c38919
  RNCClipboard: 4411a880506f11fbcbdc03b5093eb8ffb246d900
  RNDeviceInfo: feea80a690d2bde1fe51461cf548039258bd03f2
  RNExitApp: 00036cabe7bacbb413d276d5520bf74ba39afa6a
  RNFastImage: 5c9c9fed9c076e521b3f509fe79e790418a544e8
  RNGestureHandler: 21097b3fda6fa407b020edea0a9325b00c0899e5
  RNKeychain: 7b805a511b820933a33cf7609c6333b792aaf645
  RNLocalize: 06991b9c31e7a898a9fa6ddb204ce0f53a967248
  RNReactNativeHapticFeedback: a15559aa2aa8b5e5d49616fd84259dfb3c415230
  RNReanimated: 322b47ac57c918e4b18fc30b7b1604a0c947e5f8
  RNSentry: 1b21ae7c4e617be118dcc401570589715956fa68
  RNShare: 32e97adc8d8c97d4a26bcdd3c45516882184f8b6
  RNStaticSafeAreaInsets: 055ddbf5e476321720457cdaeec0ff2ba40ec1b8
  RNSVG: 3ac96156dba8e257d28d835f683e495fcc165923
  RNVectorIcons: 41801c4c94e7f2526823e05b586133c5868ff98d
  SDWebImage: a7f831e1a65eb5e285e3fb046a23fcfbf08e696d
  SDWebImageWebPCoder: 908b83b6adda48effe7667cd2b7f78c897e5111d
  Sentry: 47021097466aa130802420d485a34da445963d99
  SocketRocket: f32cd54efbe0f095c4d7594881e52619cfe80b17
  Yoga: ef534101bb891fb09bae657417f34d399c1efe38

PODFILE CHECKSUM: a91fbf234605060e0766eeda300408dea3cd9647

COCOAPODS: 1.16.2
